
Microsoft Visual Studio Solution File, Format Version 12.00
# Visual Studio 15
VisualStudioVersion = 15.0.27130.2036
MinimumVisualStudioVersion = 10.0.40219.1
Project("{9A19103F-16F7-4668-BE54-9A1E7A4F7556}") = "ese.smarthome", "src\ese.smarthome\ese.smarthome.csproj", "{CDB34D11-8771-479B-A312-4DA33164DDED}"
EndProject
Project("{2150E333-8FDC-42A3-9474-1A3956D46DE8}") = "src", "src", "{029EF623-E9B2-4A22-BA85-5F1906C97A3C}"
EndProject
Project("{9A19103F-16F7-4668-BE54-9A1E7A4F7556}") = "ese.smarthome.core", "src\ese.smarthome.core\ese.smarthome.core.csproj", "{40D39E49-DDBD-479A-8D1D-AC45D11FC31C}"
EndProject
Project("{9A19103F-16F7-4668-BE54-9A1E7A4F7556}") = "ese.smarthome.sensormock", "src\ese.smarthome.sensormock\ese.smarthome.sensormock.csproj", "{13FEA6A9-CA5F-4DD8-93CF-A585561DFA54}"
EndProject
Project("{2150E333-8FDC-42A3-9474-1A3956D46DE8}") = "doc", "doc", "{BA253A7E-3564-41E3-B263-76A144E3A528}"
	ProjectSection(SolutionItems) = preProject
		doc\migrations.md = doc\migrations.md
	EndProjectSection
EndProject
Global
	GlobalSection(SolutionConfigurationPlatforms) = preSolution
		Debug|Any CPU = Debug|Any CPU
		Release|Any CPU = Release|Any CPU
	EndGlobalSection
	GlobalSection(ProjectConfigurationPlatforms) = postSolution
		{CDB34D11-8771-479B-A312-4DA33164DDED}.Debug|Any CPU.ActiveCfg = Debug|Any CPU
		{CDB34D11-8771-479B-A312-4DA33164DDED}.Debug|Any CPU.Build.0 = Debug|Any CPU
		{CDB34D11-8771-479B-A312-4DA33164DDED}.Release|Any CPU.ActiveCfg = Release|Any CPU
		{CDB34D11-8771-479B-A312-4DA33164DDED}.Release|Any CPU.Build.0 = Release|Any CPU
		{40D39E49-DDBD-479A-8D1D-AC45D11FC31C}.Debug|Any CPU.ActiveCfg = Debug|Any CPU
		{40D39E49-DDBD-479A-8D1D-AC45D11FC31C}.Debug|Any CPU.Build.0 = Debug|Any CPU
		{40D39E49-DDBD-479A-8D1D-AC45D11FC31C}.Release|Any CPU.ActiveCfg = Release|Any CPU
		{40D39E49-DDBD-479A-8D1D-AC45D11FC31C}.Release|Any CPU.Build.0 = Release|Any CPU
		{13FEA6A9-CA5F-4DD8-93CF-A585561DFA54}.Debug|Any CPU.ActiveCfg = Debug|Any CPU
		{13FEA6A9-CA5F-4DD8-93CF-A585561DFA54}.Release|Any CPU.ActiveCfg = Release|Any CPU
		{13FEA6A9-CA5F-4DD8-93CF-A585561DFA54}.Release|Any CPU.Build.0 = Release|Any CPU
	EndGlobalSection
	GlobalSection(SolutionProperties) = preSolution
		HideSolutionNode = FALSE
	EndGlobalSection
	GlobalSection(NestedProjects) = preSolution
		{CDB34D11-8771-479B-A312-4DA33164DDED} = {029EF623-E9B2-4A22-BA85-5F1906C97A3C}
		{40D39E49-DDBD-479A-8D1D-AC45D11FC31C} = {029EF623-E9B2-4A22-BA85-5F1906C97A3C}
		{13FEA6A9-CA5F-4DD8-93CF-A585561DFA54} = {029EF623-E9B2-4A22-BA85-5F1906C97A3C}
	EndGlobalSection
	GlobalSection(ExtensibilityGlobals) = postSolution
		SolutionGuid = {E292A29D-CC1F-40C6-BC7E-4248B92B4113}
	EndGlobalSection
EndGlobal
